dependencies:
  espressif/cmake_utilities:
    component_hash: 351350613ceafba240b761b4ea991e0f231ac7a9f59a9ee901f751bddc0bb18f
    dependencies:
    - name: idf
      require: private
      version: '>=4.1'
    source:
      registry_url: https://components.espressif.com/
      type: service
    version: 0.5.3
  espressif/esp32-camera:
    component_hash: b209707f12aff1683c5c9dfaff3fa60f0eca687f2bf74f133cdef68fbae86028
    dependencies:
    - name: espressif/esp_jpeg
      registry_url: https://components.espressif.com
      require: public
      version: ^1.3.0
    - name: idf
      require: private
      version: '>=5.1'
    source:
      registry_url: https://components.espressif.com/
      type: service
    version: 2.1.2
  espressif/esp_jpeg:
    component_hash: defb83669293cbf86d0fa86b475ba5517aceed04ed70db435388c151ab37b5d7
    dependencies:
    - name: idf
      require: private
      version: '>=5.0'
    source:
      registry_url: https://components.espressif.com
      type: service
    version: 1.3.1
  espressif/iot_usbh:
    component_hash: 6248b9fb5c33ee7a0572c75947d79ec9f1ef44c0a2dd123665b22424d49e956e
    dependencies:
    - name: idf
      require: private
      version: '>=4.4.1'
    - name: espressif/cmake_utilities
      registry_url: https://components.espressif.com
      require: private
      version: 0.*
    source:
      registry_url: https://components.espressif.com
      type: service
    targets:
    - esp32s2
    - esp32s3
    version: 0.2.1
  espressif/iot_usbh_cdc:
    component_hash: ea4c77448c25661585e9219e2d65df479ac35102e93205a6085cdb75fbf48c67
    dependencies:
    - name: idf
      require: private
      version: '>=4.4.1'
    - name: espressif/cmake_utilities
      registry_url: https://components.espressif.com
      require: private
      version: 0.*
    - name: espressif/iot_usbh
      registry_url: https://components.espressif.com
      require: public
      version: 0.*
    source:
      registry_url: https://components.espressif.com/
      type: service
    targets:
    - esp32s2
    - esp32s3
    version: 0.2.2
  espressif/jsmn:
    component_hash: d80350c41bbaa827c98a25b6072df00884e72f54885996fab4a4f0aebce6b6c3
    dependencies:
    - name: idf
      require: private
      version: '>=4.3'
    source:
      registry_url: https://components.espressif.com
      type: service
    version: 1.1.0
  espressif/json_parser:
    component_hash: d74b81729ad06ec11ff5eb5b1b0d7df1d00e6027fc11471f4b139c70dcf1b1e4
    dependencies:
    - name: espressif/jsmn
      registry_url: https://components.espressif.com
      require: private
      rules:
      - if: idf_version >=5.0
      version: ~1.1
    source:
      registry_url: https://components.espressif.com/
      type: service
    version: 1.0.3
  idf:
    source:
      type: idf
    version: 5.3.2
  iot_usbh_modem:
    dependencies:
    - name: idf
      version: '>=4.4.1'
    - name: espressif/cmake_utilities
      version: 0.*
    - name: espressif/iot_usbh_cdc
      version: 0.*
    source:
      path: D:\esp32\projects\dc01_simple\common_components\iot_usbh_modem
      type: local
    targets:
    - esp32s2
    - esp32s3
    version: 0.2.1
  nimble_central_utils:
    dependencies: []
    source:
      path: D:\esp32\projects\dc01_simple\common_components\nimble_central_utils
      type: local
    version: '*'
direct_dependencies:
- espressif/esp32-camera
- espressif/json_parser
- idf
- iot_usbh_modem
- nimble_central_utils
manifest_hash: 3cbb665e402b491afb57c0b07be5fa37da5a3e80202fe1646209a8cfc19d0beb
target: esp32s3
version: 2.0.0
